
Microsoft Visual Studio Solution File, Format Version 12.00
# Visual Studio Version 16
VisualStudioVersion = 16.0.33927.289
MinimumVisualStudioVersion = 10.0.40219.1
Project("{2150E333-8FDC-42A3-9474-1A3956D46DE8}") = "Task0", "Task0", "{BB7F73E2-38FC-440B-9CEC-3CEDB9D3C11F}"
EndProject
Project("{FAE04EC0-301F-11D3-BF4B-00C04F79EFBC}") = "Tyuiu.GrigorjanAM.Sprint3.Task0.V11.Test", "Tyuiu.GrigorjanAM.Sprint3.Task0.V11.Test\Tyuiu.GrigorjanAM.Sprint3.Task0.V11.Test.csproj", "{E43E79FE-C3C7-415C-B2E3-1C706CDE5204}"
EndProject
Project("{FAE04EC0-301F-11D3-BF4B-00C04F79EFBC}") = "Tyuiu.GrigorjanAM.Sprint3.Task0.V11.Lib", "Tyuiu.GrigorjanAM.Sprint3.Task0.V11.Lib\Tyuiu.GrigorjanAM.Sprint3.Task0.V11.Lib.csproj", "{9F6EB8C0-232C-45E9-976A-3EADB129A095}"
EndProject
Project("{FAE04EC0-301F-11D3-BF4B-00C04F79EFBC}") = "Tyuiu.GrigorjanAM.Sprint3.Task0.V11", "Tyuiu.GrigorjanAM.Sprint3.Task0.V11\Tyuiu.GrigorjanAM.Sprint3.Task0.V11.csproj", "{697EBFEC-DECD-41F2-8D6E-D201E1138E06}"
EndProject
Project("{2150E333-8FDC-42A3-9474-1A3956D46DE8}") = "Task1", "Task1", "{14944BF3-F566-4A9F-A845-5979B319609D}"
EndProject
Project("{FAE04EC0-301F-11D3-BF4B-00C04F79EFBC}") = "Tyuiu.GrigorjanAM.Sprint3.Task1.V12", "Tyuiu.GrigorjanAM.Sprint3.Task1.V12\Tyuiu.GrigorjanAM.Sprint3.Task1.V12.csproj", "{3E0D0196-BE8D-4BBE-B86E-B99514ABF572}"
EndProject
Project("{FAE04EC0-301F-11D3-BF4B-00C04F79EFBC}") = "Tyuiu.GrigorjanAM.Sprint3.Task1.V12.Lib", "Tyuiu.GrigorjanAM.Sprint3.Task1.V12.Lib\Tyuiu.GrigorjanAM.Sprint3.Task1.V12.Lib.csproj", "{5A40CACB-0070-484E-82F5-3913F688D281}"
EndProject
Project("{FAE04EC0-301F-11D3-BF4B-00C04F79EFBC}") = "Tyuiu.GrigorjanAM.Sprint3.Task1.V12.Test", "Tyuiu.GrigorjanAM.Sprint3.Task1.V12.Test\Tyuiu.GrigorjanAM.Sprint3.Task1.V12.Test.csproj", "{99489CA7-8606-4C97-AE75-EFD90DEC1E56}"
EndProject
Project("{2150E333-8FDC-42A3-9474-1A3956D46DE8}") = "Task2", "Task2", "{C9164649-3C74-492B-A728-A63336DE2E02}"
EndProject
Project("{FAE04EC0-301F-11D3-BF4B-00C04F79EFBC}") = "Tyuiu.GrigorjanAM.Sprint3.Task2.V20", "Tyuiu.GrigorjanAM.Sprint3.Task2.V20\Tyuiu.GrigorjanAM.Sprint3.Task2.V20.csproj", "{6A7442FA-8220-4E03-A635-31E2AAEF450F}"
EndProject
Project("{FAE04EC0-301F-11D3-BF4B-00C04F79EFBC}") = "Tyuiu.GrigorjanAM.Sprint3.Task2.V20.Test", "Tyuiu.GrigorjanAM.Sprint3.Task2.V20.Test\Tyuiu.GrigorjanAM.Sprint3.Task2.V20.Test.csproj", "{FE2C2241-C9E7-4D02-B5D3-3D2F88BDB8C6}"
EndProject
Project("{FAE04EC0-301F-11D3-BF4B-00C04F79EFBC}") = "Tyuiu.GrigorjanAM.Sprint3.Task2.V20.Lib", "Tyuiu.GrigorjanAM.Sprint3.Task2.V20.Lib\Tyuiu.GrigorjanAM.Sprint3.Task2.V20.Lib.csproj", "{68F1AD48-6E57-4797-A084-5FCDEB6ABDE2}"
EndProject
Project("{2150E333-8FDC-42A3-9474-1A3956D46DE8}") = "Task3", "Task3", "{1C985F3F-AE03-452D-9BB4-5412A4EA9A92}"
EndProject
Project("{FAE04EC0-301F-11D3-BF4B-00C04F79EFBC}") = "Tyuiu.GrigorjanAM.Sprint3.Task3.V24", "Tyuiu.GrigorjanAM.Sprint3.Task3.V24\Tyuiu.GrigorjanAM.Sprint3.Task3.V24.csproj", "{235EC80D-5E8C-407F-9A90-22441901A0E0}"
EndProject
Project("{FAE04EC0-301F-11D3-BF4B-00C04F79EFBC}") = "Tyuiu.GrigorjanAM.Sprint3.Task3.V24.Lib", "Tyuiu.GrigorjanAM.Sprint3.Task3.V24.Lib\Tyuiu.GrigorjanAM.Sprint3.Task3.V24.Lib.csproj", "{4215A004-44A4-4F2D-812D-077A1314F47C}"
EndProject
Project("{FAE04EC0-301F-11D3-BF4B-00C04F79EFBC}") = "Tyuiu.GrigorjanAM.Sprint3.Task3.V24.Test", "Tyuiu.GrigorjanAM.Sprint3.Task3.V24.Test\Tyuiu.GrigorjanAM.Sprint3.Task3.V24.Test.csproj", "{E6DB83A4-3034-4838-ADF7-B424D4E1F274}"
EndProject
Global
	GlobalSection(SolutionConfigurationPlatforms) = preSolution
		Debug|Any CPU = Debug|Any CPU
		Release|Any CPU = Release|Any CPU
	EndGlobalSection
	GlobalSection(ProjectConfigurationPlatforms) = postSolution
		{E43E79FE-C3C7-415C-B2E3-1C706CDE5204}.Debug|Any CPU.ActiveCfg = Debug|Any CPU
		{E43E79FE-C3C7-415C-B2E3-1C706CDE5204}.Debug|Any CPU.Build.0 = Debug|Any CPU
		{E43E79FE-C3C7-415C-B2E3-1C706CDE5204}.Release|Any CPU.ActiveCfg = Release|Any CPU
		{E43E79FE-C3C7-415C-B2E3-1C706CDE5204}.Release|Any CPU.Build.0 = Release|Any CPU
		{9F6EB8C0-232C-45E9-976A-3EADB129A095}.Debug|Any CPU.ActiveCfg = Debug|Any CPU
		{9F6EB8C0-232C-45E9-976A-3EADB129A095}.Debug|Any CPU.Build.0 = Debug|Any CPU
		{9F6EB8C0-232C-45E9-976A-3EADB129A095}.Release|Any CPU.ActiveCfg = Release|Any CPU
		{9F6EB8C0-232C-45E9-976A-3EADB129A095}.Release|Any CPU.Build.0 = Release|Any CPU
		{697EBFEC-DECD-41F2-8D6E-D201E1138E06}.Debug|Any CPU.ActiveCfg = Debug|Any CPU
		{697EBFEC-DECD-41F2-8D6E-D201E1138E06}.Debug|Any CPU.Build.0 = Debug|Any CPU
		{697EBFEC-DECD-41F2-8D6E-D201E1138E06}.Release|Any CPU.ActiveCfg = Release|Any CPU
		{697EBFEC-DECD-41F2-8D6E-D201E1138E06}.Release|Any CPU.Build.0 = Release|Any CPU
		{3E0D0196-BE8D-4BBE-B86E-B99514ABF572}.Debug|Any CPU.ActiveCfg = Debug|Any CPU
		{3E0D0196-BE8D-4BBE-B86E-B99514ABF572}.Debug|Any CPU.Build.0 = Debug|Any CPU
		{3E0D0196-BE8D-4BBE-B86E-B99514ABF572}.Release|Any CPU.ActiveCfg = Release|Any CPU
		{3E0D0196-BE8D-4BBE-B86E-B99514ABF572}.Release|Any CPU.Build.0 = Release|Any CPU
		{5A40CACB-0070-484E-82F5-3913F688D281}.Debug|Any CPU.ActiveCfg = Debug|Any CPU
		{5A40CACB-0070-484E-82F5-3913F688D281}.Debug|Any CPU.Build.0 = Debug|Any CPU
		{5A40CACB-0070-484E-82F5-3913F688D281}.Release|Any CPU.ActiveCfg = Release|Any CPU
		{5A40CACB-0070-484E-82F5-3913F688D281}.Release|Any CPU.Build.0 = Release|Any CPU
		{99489CA7-8606-4C97-AE75-EFD90DEC1E56}.Debug|Any CPU.ActiveCfg = Debug|Any CPU
		{99489CA7-8606-4C97-AE75-EFD90DEC1E56}.Debug|Any CPU.Build.0 = Debug|Any CPU
		{99489CA7-8606-4C97-AE75-EFD90DEC1E56}.Release|Any CPU.ActiveCfg = Release|Any CPU
		{99489CA7-8606-4C97-AE75-EFD90DEC1E56}.Release|Any CPU.Build.0 = Release|Any CPU
		{6A7442FA-8220-4E03-A635-31E2AAEF450F}.Debug|Any CPU.ActiveCfg = Debug|Any CPU
		{6A7442FA-8220-4E03-A635-31E2AAEF450F}.Debug|Any CPU.Build.0 = Debug|Any CPU
		{6A7442FA-8220-4E03-A635-31E2AAEF450F}.Release|Any CPU.ActiveCfg = Release|Any CPU
		{6A7442FA-8220-4E03-A635-31E2AAEF450F}.Release|Any CPU.Build.0 = Release|Any CPU
		{FE2C2241-C9E7-4D02-B5D3-3D2F88BDB8C6}.Debug|Any CPU.ActiveCfg = Debug|Any CPU
		{FE2C2241-C9E7-4D02-B5D3-3D2F88BDB8C6}.Debug|Any CPU.Build.0 = Debug|Any CPU
		{FE2C2241-C9E7-4D02-B5D3-3D2F88BDB8C6}.Release|Any CPU.ActiveCfg = Release|Any CPU
		{FE2C2241-C9E7-4D02-B5D3-3D2F88BDB8C6}.Release|Any CPU.Build.0 = Release|Any CPU
		{68F1AD48-6E57-4797-A084-5FCDEB6ABDE2}.Debug|Any CPU.ActiveCfg = Debug|Any CPU
		{68F1AD48-6E57-4797-A084-5FCDEB6ABDE2}.Debug|Any CPU.Build.0 = Debug|Any CPU
		{68F1AD48-6E57-4797-A084-5FCDEB6ABDE2}.Release|Any CPU.ActiveCfg = Release|Any CPU
		{68F1AD48-6E57-4797-A084-5FCDEB6ABDE2}.Release|Any CPU.Build.0 = Release|Any CPU
		{235EC80D-5E8C-407F-9A90-22441901A0E0}.Debug|Any CPU.ActiveCfg = Debug|Any CPU
		{235EC80D-5E8C-407F-9A90-22441901A0E0}.Debug|Any CPU.Build.0 = Debug|Any CPU
		{235EC80D-5E8C-407F-9A90-22441901A0E0}.Release|Any CPU.ActiveCfg = Release|Any CPU
		{235EC80D-5E8C-407F-9A90-22441901A0E0}.Release|Any CPU.Build.0 = Release|Any CPU
		{4215A004-44A4-4F2D-812D-077A1314F47C}.Debug|Any CPU.ActiveCfg = Debug|Any CPU
		{4215A004-44A4-4F2D-812D-077A1314F47C}.Debug|Any CPU.Build.0 = Debug|Any CPU
		{4215A004-44A4-4F2D-812D-077A1314F47C}.Release|Any CPU.ActiveCfg = Release|Any CPU
		{4215A004-44A4-4F2D-812D-077A1314F47C}.Release|Any CPU.Build.0 = Release|Any CPU
		{E6DB83A4-3034-4838-ADF7-B424D4E1F274}.Debug|Any CPU.ActiveCfg = Debug|Any CPU
		{E6DB83A4-3034-4838-ADF7-B424D4E1F274}.Debug|Any CPU.Build.0 = Debug|Any CPU
		{E6DB83A4-3034-4838-ADF7-B424D4E1F274}.Release|Any CPU.ActiveCfg = Release|Any CPU
		{E6DB83A4-3034-4838-ADF7-B424D4E1F274}.Release|Any CPU.Build.0 = Release|Any CPU
	EndGlobalSection
	GlobalSection(SolutionProperties) = preSolution
		HideSolutionNode = FALSE
	EndGlobalSection
	GlobalSection(NestedProjects) = preSolution
		{E43E79FE-C3C7-415C-B2E3-1C706CDE5204} = {BB7F73E2-38FC-440B-9CEC-3CEDB9D3C11F}
		{9F6EB8C0-232C-45E9-976A-3EADB129A095} = {BB7F73E2-38FC-440B-9CEC-3CEDB9D3C11F}
		{697EBFEC-DECD-41F2-8D6E-D201E1138E06} = {BB7F73E2-38FC-440B-9CEC-3CEDB9D3C11F}
		{3E0D0196-BE8D-4BBE-B86E-B99514ABF572} = {14944BF3-F566-4A9F-A845-5979B319609D}
		{5A40CACB-0070-484E-82F5-3913F688D281} = {14944BF3-F566-4A9F-A845-5979B319609D}
		{99489CA7-8606-4C97-AE75-EFD90DEC1E56} = {14944BF3-F566-4A9F-A845-5979B319609D}
		{6A7442FA-8220-4E03-A635-31E2AAEF450F} = {C9164649-3C74-492B-A728-A63336DE2E02}
		{FE2C2241-C9E7-4D02-B5D3-3D2F88BDB8C6} = {C9164649-3C74-492B-A728-A63336DE2E02}
		{68F1AD48-6E57-4797-A084-5FCDEB6ABDE2} = {C9164649-3C74-492B-A728-A63336DE2E02}
		{235EC80D-5E8C-407F-9A90-22441901A0E0} = {1C985F3F-AE03-452D-9BB4-5412A4EA9A92}
		{4215A004-44A4-4F2D-812D-077A1314F47C} = {1C985F3F-AE03-452D-9BB4-5412A4EA9A92}
		{E6DB83A4-3034-4838-ADF7-B424D4E1F274} = {1C985F3F-AE03-452D-9BB4-5412A4EA9A92}
	EndGlobalSection
	GlobalSection(ExtensibilityGlobals) = postSolution
		SolutionGuid = {DA9662B8-D1A1-43D1-A9D4-0D882BEC78F4}
	EndGlobalSection
EndGlobal
